
Microsoft Visual Studio Solution File, Format Version 12.00
# Visual Studio Version 17
VisualStudioVersion = 17.11.35219.272
MinimumVisualStudioVersion = 10.0.40219.1
Project("{9A19103F-16F7-4668-BE54-9A1E7A4F7556}") = "DataBaseLayer", "DataBaseLayer\DataBaseLayer.csproj", "{3B292288-90A3-432E-B1E1-1B6474138C1A}"
EndProject
Project("{FAE04EC0-301F-11D3-BF4B-00C04F79EFBC}") = "BusinessLogicLayer", "BusinessLogicLayer\BusinessLogicLayer.csproj", "{60ED7BDA-B9BD-485F-B2AA-AE8CA5801B5F}"
EndProject
Global
	GlobalSection(SolutionConfigurationPlatforms) = preSolution
		Debug|Any CPU = Debug|Any CPU
		Release|Any CPU = Release|Any CPU
	EndGlobalSection
	GlobalSection(ProjectConfigurationPlatforms) = postSolution
		{3B292288-90A3-432E-B1E1-1B6474138C1A}.Debug|Any CPU.ActiveCfg = Debug|Any CPU
		{3B292288-90A3-432E-B1E1-1B6474138C1A}.Debug|Any CPU.Build.0 = Debug|Any CPU
		{3B292288-90A3-432E-B1E1-1B6474138C1A}.Release|Any CPU.ActiveCfg = Release|Any CPU
		{3B292288-90A3-432E-B1E1-1B6474138C1A}.Release|Any CPU.Build.0 = Release|Any CPU
		{60ED7BDA-B9BD-485F-B2AA-AE8CA5801B5F}.Debug|Any CPU.ActiveCfg = Debug|Any CPU
		{60ED7BDA-B9BD-485F-B2AA-AE8CA5801B5F}.Debug|Any CPU.Build.0 = Debug|Any CPU
		{60ED7BDA-B9BD-485F-B2AA-AE8CA5801B5F}.Release|Any CPU.ActiveCfg = Release|Any CPU
		{60ED7BDA-B9BD-485F-B2AA-AE8CA5801B5F}.Release|Any CPU.Build.0 = Release|Any CPU
	EndGlobalSection
	GlobalSection(SolutionProperties) = preSolution
		HideSolutionNode = FALSE
	EndGlobalSection
	GlobalSection(ExtensibilityGlobals) = postSolution
		SolutionGuid = {89B2DA0C-272C-46F6-88AD-5A204EABAEE0}
	EndGlobalSection
EndGlobal
